
Microsoft Visual Studio Solution File, Format Version 12.00
# Visual Studio Version 17
VisualStudioVersion = 17.0.31903.59
MinimumVisualStudioVersion = 10.0.40219.1
Project("{FAE04EC0-301F-11D3-BF4B-00C04F79EFBC}") = "Widgets", "Widgets\Widgets.csproj", "{161EC066-3966-4FB9-AE4E-46C5A49B59DC}"
EndProject
Project("{FAE04EC0-301F-11D3-BF4B-00C04F79EFBC}") = "Widgets.Desktop", "Widgets.Desktop\Widgets.Desktop.csproj", "{6175B590-4F43-4E8F-9A41-B17058D8A9AE}"
EndProject
Project("{2150E333-8FDC-42A3-9474-1A3956D46DE8}") = "Project Files", "Project Files", "{E33AB54A-7696-69CB-C1F9-ED1A464D0C9F}"
	ProjectSection(SolutionItems) = preProject
		launchers.dev.json = launchers.dev.json
		..\.gitignore = ..\.gitignore
		..\README.md = ..\README.md
	EndProjectSection
EndProject
Global
	GlobalSection(SolutionConfigurationPlatforms) = preSolution
		Debug|Any CPU = Debug|Any CPU
		Debug|x64 = Debug|x64
		Debug|x86 = Debug|x86
		Release|Any CPU = Release|Any CPU
		Release|x64 = Release|x64
		Release|x86 = Release|x86
	EndGlobalSection
	GlobalSection(ProjectConfigurationPlatforms) = postSolution
		{161EC066-3966-4FB9-AE4E-46C5A49B59DC}.Debug|Any CPU.ActiveCfg = Debug|Any CPU
		{161EC066-3966-4FB9-AE4E-46C5A49B59DC}.Debug|Any CPU.Build.0 = Debug|Any CPU
		{161EC066-3966-4FB9-AE4E-46C5A49B59DC}.Debug|x64.ActiveCfg = Debug|Any CPU
		{161EC066-3966-4FB9-AE4E-46C5A49B59DC}.Debug|x64.Build.0 = Debug|Any CPU
		{161EC066-3966-4FB9-AE4E-46C5A49B59DC}.Debug|x86.ActiveCfg = Debug|Any CPU
		{161EC066-3966-4FB9-AE4E-46C5A49B59DC}.Debug|x86.Build.0 = Debug|Any CPU
		{161EC066-3966-4FB9-AE4E-46C5A49B59DC}.Release|Any CPU.ActiveCfg = Release|Any CPU
		{161EC066-3966-4FB9-AE4E-46C5A49B59DC}.Release|Any CPU.Build.0 = Release|Any CPU
		{161EC066-3966-4FB9-AE4E-46C5A49B59DC}.Release|x64.ActiveCfg = Release|Any CPU
		{161EC066-3966-4FB9-AE4E-46C5A49B59DC}.Release|x64.Build.0 = Release|Any CPU
		{161EC066-3966-4FB9-AE4E-46C5A49B59DC}.Release|x86.ActiveCfg = Release|Any CPU
		{161EC066-3966-4FB9-AE4E-46C5A49B59DC}.Release|x86.Build.0 = Release|Any CPU
		{6175B590-4F43-4E8F-9A41-B17058D8A9AE}.Debug|Any CPU.ActiveCfg = Debug|Any CPU
		{6175B590-4F43-4E8F-9A41-B17058D8A9AE}.Debug|Any CPU.Build.0 = Debug|Any CPU
		{6175B590-4F43-4E8F-9A41-B17058D8A9AE}.Debug|x64.ActiveCfg = Debug|Any CPU
		{6175B590-4F43-4E8F-9A41-B17058D8A9AE}.Debug|x64.Build.0 = Debug|Any CPU
		{6175B590-4F43-4E8F-9A41-B17058D8A9AE}.Debug|x86.ActiveCfg = Debug|Any CPU
		{6175B590-4F43-4E8F-9A41-B17058D8A9AE}.Debug|x86.Build.0 = Debug|Any CPU
		{6175B590-4F43-4E8F-9A41-B17058D8A9AE}.Release|Any CPU.ActiveCfg = Release|Any CPU
		{6175B590-4F43-4E8F-9A41-B17058D8A9AE}.Release|Any CPU.Build.0 = Release|Any CPU
		{6175B590-4F43-4E8F-9A41-B17058D8A9AE}.Release|x64.ActiveCfg = Release|Any CPU
		{6175B590-4F43-4E8F-9A41-B17058D8A9AE}.Release|x64.Build.0 = Release|Any CPU
		{6175B590-4F43-4E8F-9A41-B17058D8A9AE}.Release|x86.ActiveCfg = Release|Any CPU
		{6175B590-4F43-4E8F-9A41-B17058D8A9AE}.Release|x86.Build.0 = Release|Any CPU
	EndGlobalSection
	GlobalSection(SolutionProperties) = preSolution
		HideSolutionNode = FALSE
	EndGlobalSection
EndGlobal
